
Microsoft Visual Studio Solution File, Format Version 12.00
# Visual Studio Version 16
VisualStudioVersion = 16.0.31205.134
MinimumVisualStudioVersion = 10.0.40219.1
Project("{FAE04EC0-301F-11D3-BF4B-00C04F79EFBC}") = "Calculator.ConsoleApp", "Calculator.ConsoleApp\Calculator.ConsoleApp.csproj", "{BF00B323-889F-4A30-98E4-36F1E0E49E48}"
EndProject
Global
	GlobalSection(SolutionConfigurationPlatforms) = preSolution
		Debug|Any CPU = Debug|Any CPU
		Release|Any CPU = Release|Any CPU
	EndGlobalSection
	GlobalSection(ProjectConfigurationPlatforms) = postSolution
		{BF00B323-889F-4A30-98E4-36F1E0E49E48}.Debug|Any CPU.ActiveCfg = Debug|Any CPU
		{BF00B323-889F-4A30-98E4-36F1E0E49E48}.Debug|Any CPU.Build.0 = Debug|Any CPU
		{BF00B323-889F-4A30-98E4-36F1E0E49E48}.Release|Any CPU.ActiveCfg = Release|Any CPU
		{BF00B323-889F-4A30-98E4-36F1E0E49E48}.Release|Any CPU.Build.0 = Release|Any CPU
	EndGlobalSection
	GlobalSection(SolutionProperties) = preSolution
		HideSolutionNode = FALSE
	EndGlobalSection
	GlobalSection(ExtensibilityGlobals) = postSolution
		SolutionGuid = {3310A405-C563-4C74-8CE9-248D5A261C68}
	EndGlobalSection
EndGlobal
